
Microsoft Visual Studio Solution File, Format Version 12.00
# Visual Studio 14
VisualStudioVersion = 14.0.25420.1
MinimumVisualStudioVersion = 10.0.40219.1
Project("{FAE04EC0-301F-11D3-BF4B-00C04F79EFBC}") = "TelegramInterface", "TelegramInterface\TelegramInterface.csproj", "{DE8A5C8C-3A8E-484C-A73F-838E1F600D68}"
EndProject
Project("{FAE04EC0-301F-11D3-BF4B-00C04F79EFBC}") = "ChatbotShell", "ChatbotShell\ChatbotShell.csproj", "{64D8F06C-E10B-4167-B4EE-799F2174E222}"
	ProjectSection(ProjectDependencies) = postProject
		{DE8A5C8C-3A8E-484C-A73F-838E1F600D68} = {DE8A5C8C-3A8E-484C-A73F-838E1F600D68}
	EndProjectSection
EndProject
Global
	GlobalSection(SolutionConfigurationPlatforms) = preSolution
		Debug|Any CPU = Debug|Any CPU
		Release|Any CPU = Release|Any CPU
	EndGlobalSection
	GlobalSection(ProjectConfigurationPlatforms) = postSolution
		{DE8A5C8C-3A8E-484C-A73F-838E1F600D68}.Debug|Any CPU.ActiveCfg = Debug|Any CPU
		{DE8A5C8C-3A8E-484C-A73F-838E1F600D68}.Debug|Any CPU.Build.0 = Debug|Any CPU
		{DE8A5C8C-3A8E-484C-A73F-838E1F600D68}.Release|Any CPU.ActiveCfg = Release|Any CPU
		{DE8A5C8C-3A8E-484C-A73F-838E1F600D68}.Release|Any CPU.Build.0 = Release|Any CPU
		{64D8F06C-E10B-4167-B4EE-799F2174E222}.Debug|Any CPU.ActiveCfg = Debug|Any CPU
		{64D8F06C-E10B-4167-B4EE-799F2174E222}.Debug|Any CPU.Build.0 = Debug|Any CPU
		{64D8F06C-E10B-4167-B4EE-799F2174E222}.Release|Any CPU.ActiveCfg = Release|Any CPU
		{64D8F06C-E10B-4167-B4EE-799F2174E222}.Release|Any CPU.Build.0 = Release|Any CPU
	EndGlobalSection
	GlobalSection(SolutionProperties) = preSolution
		HideSolutionNode = FALSE
	EndGlobalSection
EndGlobal
